// !$*UTF8*$!
{
	archiveVersion = 1;
	classes = {
	};
	objectVersion = 56;
	objects = {

/* Begin PBXBuildFile section */
		961EF1172C88CBB100E8A5DC /* SwiftSendApp.swift in Sources */ = {isa = PBXBuildFile; fileRef = 961EF1162C88CBB100E8A5DC /* SwiftSendApp.swift */; };
		961EF1192C88CBB100E8A5DC /* ContentView.swift in Sources */ = {isa = PBXBuildFile; fileRef = 961EF1182C88CBB100E8A5DC /* ContentView.swift */; };
		961EF11B2C88CBB400E8A5DC /* Assets.xcassets in Resources */ = {isa = PBXBuildFile; fileRef = 961EF11A2C88CBB400E8A5DC /* Assets.xcassets */; };
		961EF11E2C88CBB400E8A5DC /* Preview Assets.xcassets in Resources */ = {isa = PBXBuildFile; fileRef = 961EF11D2C88CBB400E8A5DC /* Preview Assets.xcassets */; };
		961EF1252C88CC4200E8A5DC /* UIColors.swift in Sources */ = {isa = PBXBuildFile; fileRef = 961EF1242C88CC4200E8A5DC /* UIColors.swift */; };
		961EF1322C88FAB000E8A5DC /* Env.swift in Sources */ = {isa = PBXBuildFile; fileRef = 961EF1312C88FAB000E8A5DC /* Env.swift */; };
		961EF1372C8901A800E8A5DC /* OpenAI in Frameworks */ = {isa = PBXBuildFile; productRef = 961EF1362C8901A800E8A5DC /* OpenAI */; };
		9628E83A2C8F665B00C64B39 /* ChatController.swift in Sources */ = {isa = PBXBuildFile; fileRef = 9628E8392C8F665B00C64B39 /* ChatController.swift */; };
		964313E12C920C2800D6DCBD /* OpenMeteoSdk in Frameworks */ = {isa = PBXBuildFile; productRef = 964313E02C920C2800D6DCBD /* OpenMeteoSdk */; };
		964313E52C9223EE00D6DCBD /* SurfAPI.swift in Sources */ = {isa = PBXBuildFile; fileRef = 964313E42C9223EE00D6DCBD /* SurfAPI.swift */; };
		964313E72C93A74E00D6DCBD /* StormGlassAPI.swift in Sources */ = {isa = PBXBuildFile; fileRef = 964313E62C93A74E00D6DCBD /* StormGlassAPI.swift */; };
		964313E92C94BCD800D6DCBD /* WaveAnimation.swift in Sources */ = {isa = PBXBuildFile; fileRef = 964313E82C94BCD800D6DCBD /* WaveAnimation.swift */; };
		964559CA2CCF223C00C387C2 /* ChatViewModel.swift in Sources */ = {isa = PBXBuildFile; fileRef = 964559C92CCF223C00C387C2 /* ChatViewModel.swift */; };
		964559CD2CCF25BD00C387C2 /* Wavelike in Frameworks */ = {isa = PBXBuildFile; productRef = 964559CC2CCF25BD00C387C2 /* Wavelike */; };
		964559CF2CCFF24E00C387C2 /* ChatMessageParsing.swift in Sources */ = {isa = PBXBuildFile; fileRef = 964559CE2CCFF24E00C387C2 /* ChatMessageParsing.swift */; };
		96AD8BCF2C89472F00381DAC /* .env in Resources */ = {isa = PBXBuildFile; fileRef = 96AD8BCE2C89472F00381DAC /* .env */; };
		96CC967B2CD28FF9007EF44B /* SettingsViewButton.swift in Sources */ = {isa = PBXBuildFile; fileRef = 96CC967A2CD28FF9007EF44B /* SettingsViewButton.swift */; };
		96CC967D2CD290F9007EF44B /* ModelSelectView.swift in Sources */ = {isa = PBXBuildFile; fileRef = 96CC967C2CD290F9007EF44B /* ModelSelectView.swift */; };
		96CC967F2CD29590007EF44B /* SettingBarView.swift in Sources */ = {isa = PBXBuildFile; fileRef = 96CC967E2CD29590007EF44B /* SettingBarView.swift */; };
/* End PBXBuildFile section */

/* Begin PBXFileReference section */
		961EF1132C88CBB100E8A5DC /* SwiftSend.app */ = {isa = PBXFileReference; explicitFileType = wrapper.application; includeInIndex = 0; path = SwiftSend.app; sourceTree = BUILT_PRODUCTS_DIR; };
		961EF1162C88CBB100E8A5DC /* SwiftSendApp.swift */ = {isa = PBXFileReference; lastKnownFileType = sourcecode.swift; path = SwiftSendApp.swift; sourceTree = "<group>"; };
		961EF1182C88CBB100E8A5DC /* ContentView.swift */ = {isa = PBXFileReference; lastKnownFileType = sourcecode.swift; path = ContentView.swift; sourceTree = "<group>"; };
		961EF11A2C88CBB400E8A5DC /* Assets.xcassets */ = {isa = PBXFileReference; lastKnownFileType = folder.assetcatalog; path = Assets.xcassets; sourceTree = "<group>"; };
		961EF11D2C88CBB400E8A5DC /* Preview Assets.xcassets */ = {isa = PBXFileReference; lastKnownFileType = folder.assetcatalog; path = "Preview Assets.xcassets"; sourceTree = "<group>"; };
		961EF1242C88CC4200E8A5DC /* UIColors.swift */ = {isa = PBXFileReference; lastKnownFileType = sourcecode.swift; path = UIColors.swift; sourceTree = "<group>"; };
		961EF1312C88FAB000E8A5DC /* Env.swift */ = {isa = PBXFileReference; lastKnownFileType = sourcecode.swift; path = Env.swift; sourceTree = "<group>"; };
		9628E8392C8F665B00C64B39 /* ChatController.swift */ = {isa = PBXFileReference; lastKnownFileType = sourcecode.swift; path = ChatController.swift; sourceTree = "<group>"; };
		964313E42C9223EE00D6DCBD /* SurfAPI.swift */ = {isa = PBXFileReference; lastKnownFileType = sourcecode.swift; path = SurfAPI.swift; sourceTree = "<group>"; };
		964313E62C93A74E00D6DCBD /* StormGlassAPI.swift */ = {isa = PBXFileReference; lastKnownFileType = sourcecode.swift; path = StormGlassAPI.swift; sourceTree = "<group>"; };
		964313E82C94BCD800D6DCBD /* WaveAnimation.swift */ = {isa = PBXFileReference; lastKnownFileType = sourcecode.swift; path = WaveAnimation.swift; sourceTree = "<group>"; };
		964559C92CCF223C00C387C2 /* ChatViewModel.swift */ = {isa = PBXFileReference; lastKnownFileType = sourcecode.swift; path = ChatViewModel.swift; sourceTree = "<group>"; };
		964559CE2CCFF24E00C387C2 /* ChatMessageParsing.swift */ = {isa = PBXFileReference; lastKnownFileType = sourcecode.swift; path = ChatMessageParsing.swift; sourceTree = "<group>"; };
		96AD8BCE2C89472F00381DAC /* .env */ = {isa = PBXFileReference; fileEncoding = 4; lastKnownFileType = text; path = .env; sourceTree = SOURCE_ROOT; };
		96CC967A2CD28FF9007EF44B /* SettingsViewButton.swift */ = {isa = PBXFileReference; lastKnownFileType = sourcecode.swift; path = SettingsViewButton.swift; sourceTree = "<group>"; };
		96CC967C2CD290F9007EF44B /* ModelSelectView.swift */ = {isa = PBXFileReference; lastKnownFileType = sourcecode.swift; path = ModelSelectView.swift; sourceTree = "<group>"; };
		96CC967E2CD29590007EF44B /* SettingBarView.swift */ = {isa = PBXFileReference; lastKnownFileType = sourcecode.swift; path = SettingBarView.swift; sourceTree = "<group>"; };
/* End PBXFileReference section */

/* Begin PBXFrameworksBuildPhase section */
		961EF1102C88CBB100E8A5DC /* Frameworks */ = {
			isa = PBXFrameworksBuildPhase;
			buildActionMask = 2147483647;
			files = (
				964313E12C920C2800D6DCBD /* OpenMeteoSdk in Frameworks */,
				961EF1372C8901A800E8A5DC /* OpenAI in Frameworks */,
				964559CD2CCF25BD00C387C2 /* Wavelike in Frameworks */,
			);
			runOnlyForDeploymentPostprocessing = 0;
		};
/* End PBXFrameworksBuildPhase section */

/* Begin PBXGroup section */
		961EF10A2C88CBB100E8A5DC = {
			isa = PBXGroup;
			children = (
				961EF1152C88CBB100E8A5DC /* SwiftSend */,
				961EF1142C88CBB100E8A5DC /* Products */,
			);
			sourceTree = "<group>";
		};
		961EF1142C88CBB100E8A5DC /* Products */ = {
			isa = PBXGroup;
			children = (
				961EF1132C88CBB100E8A5DC /* SwiftSend.app */,
			);
			name = Products;
			sourceTree = "<group>";
		};
		961EF1152C88CBB100E8A5DC /* SwiftSend */ = {
			isa = PBXGroup;
			children = (
				96CC96792CD28FE6007EF44B /* View */,
				961EF12C2C88E09B00E8A5DC /* Models */,
				961EF1162C88CBB100E8A5DC /* SwiftSendApp.swift */,
				961EF1182C88CBB100E8A5DC /* ContentView.swift */,
				961EF1242C88CC4200E8A5DC /* UIColors.swift */,
				96AD8BCE2C89472F00381DAC /* .env */,
				961EF11A2C88CBB400E8A5DC /* Assets.xcassets */,
				961EF11C2C88CBB400E8A5DC /* Preview Content */,
			);
			path = SwiftSend;
			sourceTree = "<group>";
		};
		961EF11C2C88CBB400E8A5DC /* Preview Content */ = {
			isa = PBXGroup;
			children = (
				961EF11D2C88CBB400E8A5DC /* Preview Assets.xcassets */,
			);
			path = "Preview Content";
			sourceTree = "<group>";
		};
		961EF12C2C88E09B00E8A5DC /* Models */ = {
			isa = PBXGroup;
			children = (
				961EF1312C88FAB000E8A5DC /* Env.swift */,
				9628E8392C8F665B00C64B39 /* ChatController.swift */,
				964559CE2CCFF24E00C387C2 /* ChatMessageParsing.swift */,
				964559C92CCF223C00C387C2 /* ChatViewModel.swift */,
				964313E42C9223EE00D6DCBD /* SurfAPI.swift */,
				964313E62C93A74E00D6DCBD /* StormGlassAPI.swift */,
				964313E82C94BCD800D6DCBD /* WaveAnimation.swift */,
			);
			path = Models;
			sourceTree = "<group>";
		};
		96CC96792CD28FE6007EF44B /* View */ = {
			isa = PBXGroup;
			children = (
				96CC967A2CD28FF9007EF44B /* SettingsViewButton.swift */,
				96CC967C2CD290F9007EF44B /* ModelSelectView.swift */,
				96CC967E2CD29590007EF44B /* SettingBarView.swift */,
			);
			path = View;
			sourceTree = "<group>";
		};
/* End PBXGroup section */

/* Begin PBXNativeTarget section */
		961EF1122C88CBB100E8A5DC /* SwiftSend */ = {
			isa = PBXNativeTarget;
			buildConfigurationList = 961EF1212C88CBB400E8A5DC /* Build configuration list for PBXNativeTarget "SwiftSend" */;
			buildPhases = (
				961EF10F2C88CBB100E8A5DC /* Sources */,
				961EF1102C88CBB100E8A5DC /* Frameworks */,
				961EF1112C88CBB100E8A5DC /* Resources */,
			);
			buildRules = (
			);
			dependencies = (
			);
			name = SwiftSend;
			packageProductDependencies = (
				961EF1362C8901A800E8A5DC /* OpenAI */,
				964313E02C920C2800D6DCBD /* OpenMeteoSdk */,
				964559CC2CCF25BD00C387C2 /* Wavelike */,
			);
			productName = SwiftSend;
			productReference = 961EF1132C88CBB100E8A5DC /* SwiftSend.app */;
			productType = "com.apple.product-type.application";
		};
/* End PBXNativeTarget section */

/* Begin PBXProject section */
		961EF10B2C88CBB100E8A5DC /* Project object */ = {
			isa = PBXProject;
			attributes = {
				BuildIndependentTargetsInParallel = 1;
				LastSwiftUpdateCheck = 1540;
				LastUpgradeCheck = 1540;
				TargetAttributes = {
					961EF1122C88CBB100E8A5DC = {
						CreatedOnToolsVersion = 15.4;
					};
				};
			};
			buildConfigurationList = 961EF10E2C88CBB100E8A5DC /* Build configuration list for PBXProject "SwiftSend" */;
			compatibilityVersion = "Xcode 14.0";
			developmentRegion = en;
			hasScannedForEncodings = 0;
			knownRegions = (
				en,
				Base,
			);
			mainGroup = 961EF10A2C88CBB100E8A5DC;
			packageReferences = (
				961EF1352C8901A800E8A5DC /* XCRemoteSwiftPackageReference "OpenAI" */,
				964313DF2C920C2800D6DCBD /* XCRemoteSwiftPackageReference "sdk" */,
				964559CB2CCF25BD00C387C2 /* XCRemoteSwiftPackageReference "wavelike-ios" */,
			);
			productRefGroup = 961EF1142C88CBB100E8A5DC /* Products */;
			projectDirPath = "";
			projectRoot = "";
			targets = (
				961EF1122C88CBB100E8A5DC /* SwiftSend */,
			);
		};
/* End PBXProject section */

/* Begin PBXResourcesBuildPhase section */
		961EF1112C88CBB100E8A5DC /* Resources */ = {
			isa = PBXResourcesBuildPhase;
			buildActionMask = 2147483647;
			files = (
				961EF11E2C88CBB400E8A5DC /* Preview Assets.xcassets in Resources */,
				961EF11B2C88CBB400E8A5DC /* Assets.xcassets in Resources */,
				96AD8BCF2C89472F00381DAC /* .env in Resources */,
			);
			runOnlyForDeploymentPostprocessing = 0;
		};
/* End PBXResourcesBuildPhase section */

/* Begin PBXSourcesBuildPhase section */
		961EF10F2C88CBB100E8A5DC /* Sources */ = {
			isa = PBXSourcesBuildPhase;
			buildActionMask = 2147483647;
			files = (
				964313E52C9223EE00D6DCBD /* SurfAPI.swift in Sources */,
				964313E92C94BCD800D6DCBD /* WaveAnimation.swift in Sources */,
				961EF1192C88CBB100E8A5DC /* ContentView.swift in Sources */,
				961EF1322C88FAB000E8A5DC /* Env.swift in Sources */,
				964559CF2CCFF24E00C387C2 /* ChatMessageParsing.swift in Sources */,
				961EF1172C88CBB100E8A5DC /* SwiftSendApp.swift in Sources */,
				964313E72C93A74E00D6DCBD /* StormGlassAPI.swift in Sources */,
				96CC967F2CD29590007EF44B /* SettingBarView.swift in Sources */,
				9628E83A2C8F665B00C64B39 /* ChatController.swift in Sources */,
				96CC967D2CD290F9007EF44B /* ModelSelectView.swift in Sources */,
				964559CA2CCF223C00C387C2 /* ChatViewModel.swift in Sources */,
				961EF1252C88CC4200E8A5DC /* UIColors.swift in Sources */,
				96CC967B2CD28FF9007EF44B /* SettingsViewButton.swift in Sources */,
			);
			runOnlyForDeploymentPostprocessing = 0;
		};
/* End PBXSourcesBuildPhase section */

/* Begin XCBuildConfiguration section */
		961EF11F2C88CBB400E8A5DC /* Debug */ = {
			isa = XCBuildConfiguration;
			buildSettings = {
				ALWAYS_SEARCH_USER_PATHS = NO;
				ASSETCATALOG_COMPILER_GENERATE_SWIFT_ASSET_SYMBOL_EXTENSIONS = YES;
				CLANG_ANALYZER_NONNULL = YES;
				CLANG_ANALYZER_NUMBER_OBJECT_CONVERSION = YES_AGGRESSIVE;
				CLANG_CXX_LANGUAGE_STANDARD = "gnu++20";
				CLANG_ENABLE_MODULES = YES;
				CLANG_ENABLE_OBJC_ARC = YES;
				CLANG_ENABLE_OBJC_WEAK = YES;
				CLANG_WARN_BLOCK_CAPTURE_AUTORELEASING = YES;
				CLANG_WARN_BOOL_CONVERSION = YES;
				CLANG_WARN_COMMA = YES;
				CLANG_WARN_CONSTANT_CONVERSION = YES;
				CLANG_WARN_DEPRECATED_OBJC_IMPLEMENTATIONS = YES;
				CLANG_WARN_DIRECT_OBJC_ISA_USAGE = YES_ERROR;
				CLANG_WARN_DOCUMENTATION_COMMENTS = YES;
				CLANG_WARN_EMPTY_BODY = YES;
				CLANG_WARN_ENUM_CONVERSION = YES;
				CLANG_WARN_INFINITE_RECURSION = YES;
				CLANG_WARN_INT_CONVERSION = YES;
				CLANG_WARN_NON_LITERAL_NULL_CONVERSION = YES;
				CLANG_WARN_OBJC_IMPLICIT_RETAIN_SELF = YES;
				CLANG_WARN_OBJC_LITERAL_CONVERSION = YES;
				CLANG_WARN_OBJC_ROOT_CLASS = YES_ERROR;
				CLANG_WARN_QUOTED_INCLUDE_IN_FRAMEWORK_HEADER = YES;
				CLANG_WARN_RANGE_LOOP_ANALYSIS = YES;
				CLANG_WARN_STRICT_PROTOTYPES = YES;
				CLANG_WARN_SUSPICIOUS_MOVE = YES;
				CLANG_WARN_UNGUARDED_AVAILABILITY = YES_AGGRESSIVE;
				CLANG_WARN_UNREACHABLE_CODE = YES;
				CLANG_WARN__DUPLICATE_METHOD_MATCH = YES;
				COPY_PHASE_STRIP = NO;
				DEBUG_INFORMATION_FORMAT = dwarf;
				ENABLE_STRICT_OBJC_MSGSEND = YES;
				ENABLE_TESTABILITY = YES;
				ENABLE_USER_SCRIPT_SANDBOXING = YES;
				GCC_C_LANGUAGE_STANDARD = gnu17;
				GCC_DYNAMIC_NO_PIC = NO;
				GCC_NO_COMMON_BLOCKS = YES;
				GCC_OPTIMIZATION_LEVEL = 0;
				GCC_PREPROCESSOR_DEFINITIONS = (
					"DEBUG=1",
					"$(inherited)",
				);
				GCC_WARN_64_TO_32_BIT_CONVERSION = YES;
				GCC_WARN_ABOUT_RETURN_TYPE = YES_ERROR;
				GCC_WARN_UNDECLARED_SELECTOR = YES;
				GCC_WARN_UNINITIALIZED_AUTOS = YES_AGGRESSIVE;
				GCC_WARN_UNUSED_FUNCTION = YES;
				GCC_WARN_UNUSED_VARIABLE = YES;
				IPHONEOS_DEPLOYMENT_TARGET = 17.5;
				LOCALIZATION_PREFERS_STRING_CATALOGS = YES;
				MTL_ENABLE_DEBUG_INFO = INCLUDE_SOURCE;
				MTL_FAST_MATH = YES;
				ONLY_ACTIVE_ARCH = YES;
				SDKROOT = iphoneos;
				SWIFT_ACTIVE_COMPILATION_CONDITIONS = "DEBUG $(inherited)";
				SWIFT_OPTIMIZATION_LEVEL = "-Onone";
			};
			name = Debug;
		};
		961EF1202C88CBB400E8A5DC /* Release */ = {
			isa = XCBuildConfiguration;
			buildSettings = {
				ALWAYS_SEARCH_USER_PATHS = NO;
				ASSETCATALOG_COMPILER_GENERATE_SWIFT_ASSET_SYMBOL_EXTENSIONS = YES;
				CLANG_ANALYZER_NONNULL = YES;
				CLANG_ANALYZER_NUMBER_OBJECT_CONVERSION = YES_AGGRESSIVE;
				CLANG_CXX_LANGUAGE_STANDARD = "gnu++20";
				CLANG_ENABLE_MODULES = YES;
				CLANG_ENABLE_OBJC_ARC = YES;
				CLANG_ENABLE_OBJC_WEAK = YES;
				CLANG_WARN_BLOCK_CAPTURE_AUTORELEASING = YES;
				CLANG_WARN_BOOL_CONVERSION = YES;
				CLANG_WARN_COMMA = YES;
				CLANG_WARN_CONSTANT_CONVERSION = YES;
				CLANG_WARN_DEPRECATED_OBJC_IMPLEMENTATIONS = YES;
				CLANG_WARN_DIRECT_OBJC_ISA_USAGE = YES_ERROR;
				CLANG_WARN_DOCUMENTATION_COMMENTS = YES;
				CLANG_WARN_EMPTY_BODY = YES;
				CLANG_WARN_ENUM_CONVERSION = YES;
				CLANG_WARN_INFINITE_RECURSION = YES;
				CLANG_WARN_INT_CONVERSION = YES;
				CLANG_WARN_NON_LITERAL_NULL_CONVERSION = YES;
				CLANG_WARN_OBJC_IMPLICIT_RETAIN_SELF = YES;
				CLANG_WARN_OBJC_LITERAL_CONVERSION = YES;
				CLANG_WARN_OBJC_ROOT_CLASS = YES_ERROR;
				CLANG_WARN_QUOTED_INCLUDE_IN_FRAMEWORK_HEADER = YES;
				CLANG_WARN_RANGE_LOOP_ANALYSIS = YES;
				CLANG_WARN_STRICT_PROTOTYPES = YES;
				CLANG_WARN_SUSPICIOUS_MOVE = YES;
				CLANG_WARN_UNGUARDED_AVAILABILITY = YES_AGGRESSIVE;
				CLANG_WARN_UNREACHABLE_CODE = YES;
				CLANG_WARN__DUPLICATE_METHOD_MATCH = YES;
				COPY_PHASE_STRIP = NO;
				DEBUG_INFORMATION_FORMAT = "dwarf-with-dsym";
				ENABLE_NS_ASSERTIONS = NO;
				ENABLE_STRICT_OBJC_MSGSEND = YES;
				ENABLE_USER_SCRIPT_SANDBOXING = YES;
				GCC_C_LANGUAGE_STANDARD = gnu17;
				GCC_NO_COMMON_BLOCKS = YES;
				GCC_WARN_64_TO_32_BIT_CONVERSION = YES;
				GCC_WARN_ABOUT_RETURN_TYPE = YES_ERROR;
				GCC_WARN_UNDECLARED_SELECTOR = YES;
				GCC_WARN_UNINITIALIZED_AUTOS = YES_AGGRESSIVE;
				GCC_WARN_UNUSED_FUNCTION = YES;
				GCC_WARN_UNUSED_VARIABLE = YES;
				IPHONEOS_DEPLOYMENT_TARGET = 17.5;
				LOCALIZATION_PREFERS_STRING_CATALOGS = YES;
				MTL_ENABLE_DEBUG_INFO = NO;
				MTL_FAST_MATH = YES;
				SDKROOT = iphoneos;
				SWIFT_COMPILATION_MODE = wholemodule;
				VALIDATE_PRODUCT = YES;
			};
			name = Release;
		};
		961EF1222C88CBB400E8A5DC /* Debug */ = {
			isa = XCBuildConfiguration;
			buildSettings = {
				ASSETCATALOG_COMPILER_APPICON_NAME = AppIcon;
				ASSETCATALOG_COMPILER_GLOBAL_ACCENT_COLOR_NAME = AccentColor;
				CODE_SIGN_STYLE = Automatic;
				CURRENT_PROJECT_VERSION = 1;
				DEVELOPMENT_ASSET_PATHS = "\"SwiftSend/Preview Content\"";
				DEVELOPMENT_TEAM = L979M8V7RW;
				ENABLE_PREVIEWS = YES;
				GENERATE_INFOPLIST_FILE = YES;
				INFOPLIST_KEY_UIApplicationSceneManifest_Generation = YES;
				INFOPLIST_KEY_UIApplicationSupportsIndirectInputEvents = YES;
				INFOPLIST_KEY_UILaunchScreen_Generation = YES;
				INFOPLIST_KEY_UISupportedInterfaceOrientations = "UIInterfaceOrientationPortrait UIInterfaceOrientationPortraitUpsideDown";
				INFOPLIST_KEY_UISupportedInterfaceOrientations_iPad = "UIInterfaceOrientationLandscapeLeft UIInterfaceOrientationLandscapeRight UIInterfaceOrientationPortrait UIInterfaceOrientationPortraitUpsideDown";
				LD_RUNPATH_SEARCH_PATHS = (
					"$(inherited)",
					"@executable_path/Frameworks",
				);
				MARKETING_VERSION = 1.0;
				PRODUCT_BUNDLE_IDENTIFIER = brody.SwiftSend;
				PRODUCT_NAME = "$(TARGET_NAME)";
				SUPPORTED_PLATFORMS = "iphoneos iphonesimulator";
				SUPPORTS_MACCATALYST = NO;
				SUPPORTS_MAC_DESIGNED_FOR_IPHONE_IPAD = NO;
				SUPPORTS_XR_DESIGNED_FOR_IPHONE_IPAD = NO;
				SWIFT_EMIT_LOC_STRINGS = YES;
				SWIFT_VERSION = 5.0;
				TARGETED_DEVICE_FAMILY = 1;
			};
			name = Debug;
		};
		961EF1232C88CBB400E8A5DC /* Release */ = {
			isa = XCBuildConfiguration;
			buildSettings = {
				ASSETCATALOG_COMPILER_APPICON_NAME = AppIcon;
				ASSETCATALOG_COMPILER_GLOBAL_ACCENT_COLOR_NAME = AccentColor;
				CODE_SIGN_STYLE = Automatic;
				CURRENT_PROJECT_VERSION = 1;
				DEVELOPMENT_ASSET_PATHS = "\"SwiftSend/Preview Content\"";
				DEVELOPMENT_TEAM = L979M8V7RW;
				ENABLE_PREVIEWS = YES;
				GENERATE_INFOPLIST_FILE = YES;
				INFOPLIST_KEY_UIApplicationSceneManifest_Generation = YES;
				INFOPLIST_KEY_UIApplicationSupportsIndirectInputEvents = YES;
				INFOPLIST_KEY_UILaunchScreen_Generation = YES;
				INFOPLIST_KEY_UISupportedInterfaceOrientations = "UIInterfaceOrientationPortrait UIInterfaceOrientationPortraitUpsideDown";
				INFOPLIST_KEY_UISupportedInterfaceOrientations_iPad = "UIInterfaceOrientationLandscapeLeft UIInterfaceOrientationLandscapeRight UIInterfaceOrientationPortrait UIInterfaceOrientationPortraitUpsideDown";
				LD_RUNPATH_SEARCH_PATHS = (
					"$(inherited)",
					"@executable_path/Frameworks",
				);
				MARKETING_VERSION = 1.0;
				PRODUCT_BUNDLE_IDENTIFIER = brody.SwiftSend;
				PRODUCT_NAME = "$(TARGET_NAME)";
				SUPPORTED_PLATFORMS = "iphoneos iphonesimulator";
				SUPPORTS_MACCATALYST = NO;
				SUPPORTS_MAC_DESIGNED_FOR_IPHONE_IPAD = NO;
				SUPPORTS_XR_DESIGNED_FOR_IPHONE_IPAD = NO;
				SWIFT_EMIT_LOC_STRINGS = YES;
				SWIFT_VERSION = 5.0;
				TARGETED_DEVICE_FAMILY = 1;
			};
			name = Release;
		};
/* End XCBuildConfiguration section */

/* Begin XCConfigurationList section */
		961EF10E2C88CBB100E8A5DC /* Build configuration list for PBXProject "SwiftSend" */ = {
			isa = XCConfigurationList;
			buildConfigurations = (
				961EF11F2C88CBB400E8A5DC /* Debug */,
				961EF1202C88CBB400E8A5DC /* Release */,
			);
			defaultConfigurationIsVisible = 0;
			defaultConfigurationName = Release;
		};
		961EF1212C88CBB400E8A5DC /* Build configuration list for PBXNativeTarget "SwiftSend" */ = {
			isa = XCConfigurationList;
			buildConfigurations = (
				961EF1222C88CBB400E8A5DC /* Debug */,
				961EF1232C88CBB400E8A5DC /* Release */,
			);
			defaultConfigurationIsVisible = 0;
			defaultConfigurationName = Release;
		};
/* End XCConfigurationList section */

/* Begin XCRemoteSwiftPackageReference section */
		961EF1352C8901A800E8A5DC /* XCRemoteSwiftPackageReference "OpenAI" */ = {
			isa = XCRemoteSwiftPackageReference;
			repositoryURL = "https://github.com/MacPaw/OpenAI";
			requirement = {
				kind = upToNextMajorVersion;
				minimumVersion = 0.3.0;
			};
		};
		964313DF2C920C2800D6DCBD /* XCRemoteSwiftPackageReference "sdk" */ = {
			isa = XCRemoteSwiftPackageReference;
			repositoryURL = "https://github.com/open-meteo/sdk.git";
			requirement = {
				branch = main;
				kind = branch;
			};
		};
		964559CB2CCF25BD00C387C2 /* XCRemoteSwiftPackageReference "wavelike-ios" */ = {
			isa = XCRemoteSwiftPackageReference;
			repositoryURL = "https://github.com/velos/wavelike-ios";
			requirement = {
				branch = develop;
				kind = branch;
			};
		};
/* End XCRemoteSwiftPackageReference section */

/* Begin XCSwiftPackageProductDependency section */
		961EF1362C8901A800E8A5DC /* OpenAI */ = {
			isa = XCSwiftPackageProductDependency;
			package = 961EF1352C8901A800E8A5DC /* XCRemoteSwiftPackageReference "OpenAI" */;
			productName = OpenAI;
		};
		964313E02C920C2800D6DCBD /* OpenMeteoSdk */ = {
			isa = XCSwiftPackageProductDependency;
			package = 964313DF2C920C2800D6DCBD /* XCRemoteSwiftPackageReference "sdk" */;
			productName = OpenMeteoSdk;
		};
		964559CC2CCF25BD00C387C2 /* Wavelike */ = {
			isa = XCSwiftPackageProductDependency;
			package = 964559CB2CCF25BD00C387C2 /* XCRemoteSwiftPackageReference "wavelike-ios" */;
			productName = Wavelike;
		};
/* End XCSwiftPackageProductDependency section */
	};
	rootObject = 961EF10B2C88CBB100E8A5DC /* Project object */;
}
